// !$*UTF8*$!
{
	archiveVersion = 1;
	classes = {
	};
	objectVersion = 50;
	objects = {

/* Begin PBXBuildFile section */
		3304786C2385A5D500A7A4EB /* BasicCellTableViewCell.swift in Sources */ = {isa = PBXBuildFile; fileRef = 3304786A2385A5D500A7A4EB /* BasicCellTableViewCell.swift */; };
		3304786D2385A5D500A7A4EB /* BasicCellTableViewCell.xib in Resources */ = {isa = PBXBuildFile; fileRef = 3304786B2385A5D500A7A4EB /* BasicCellTableViewCell.xib */; };
		330E6D742384103300AC3385 /* AppDelegate.swift in Sources */ = {isa = PBXBuildFile; fileRef = 330E6D732384103300AC3385 /* AppDelegate.swift */; };
		330E6D762384103300AC3385 /* SceneDelegate.swift in Sources */ = {isa = PBXBuildFile; fileRef = 330E6D752384103300AC3385 /* SceneDelegate.swift */; };
		330E6D782384103300AC3385 /* ViewController.swift in Sources */ = {isa = PBXBuildFile; fileRef = 330E6D772384103300AC3385 /* ViewController.swift */; };
		330E6D7B2384103300AC3385 /* Main.storyboard in Resources */ = {isa = PBXBuildFile; fileRef = 330E6D792384103300AC3385 /* Main.storyboard */; };
		330E6D7D2384103700AC3385 /* Assets.xcassets in Resources */ = {isa = PBXBuildFile; fileRef = 330E6D7C2384103700AC3385 /* Assets.xcassets */; };
		330E6D802384103700AC3385 /* LaunchScreen.storyboard in Resources */ = {isa = PBXBuildFile; fileRef = 330E6D7E2384103700AC3385 /* LaunchScreen.storyboard */; };
		330E6D8823843F7D00AC3385 /* Training.swift in Sources */ = {isa = PBXBuildFile; fileRef = 330E6D8723843F7D00AC3385 /* Training.swift */; };
		330E6D8A23843FC100AC3385 /* Trainer.swift in Sources */ = {isa = PBXBuildFile; fileRef = 330E6D8923843FC100AC3385 /* Trainer.swift */; };
		330E6D8C2384401900AC3385 /* TrainingManager.swift in Sources */ = {isa = PBXBuildFile; fileRef = 330E6D8B2384401900AC3385 /* TrainingManager.swift */; };
		330E6DBC23853B3300AC3385 /* TrainingsTests.swift in Sources */ = {isa = PBXBuildFile; fileRef = 330E6DBB23853B3300AC3385 /* TrainingsTests.swift */; };
		330E6DC923853B7500AC3385 /* Interface.storyboard in Resources */ = {isa = PBXBuildFile; fileRef = 330E6DC723853B7500AC3385 /* Interface.storyboard */; };
		330E6DCB23853B7600AC3385 /* Assets.xcassets in Resources */ = {isa = PBXBuildFile; fileRef = 330E6DCA23853B7600AC3385 /* Assets.xcassets */; };
		330E6DD223853B7600AC3385 /* TrainingsWatch Extension.appex in Embed App Extensions */ = {isa = PBXBuildFile; fileRef = 330E6DD123853B7600AC3385 /* TrainingsWatch Extension.appex */; settings = {ATTRIBUTES = (RemoveHeadersOnCopy, ); }; };
		330E6DD723853B7600AC3385 /* ContentView.swift in Sources */ = {isa = PBXBuildFile; fileRef = 330E6DD623853B7600AC3385 /* ContentView.swift */; };
		330E6DD923853B7600AC3385 /* HostingController.swift in Sources */ = {isa = PBXBuildFile; fileRef = 330E6DD823853B7600AC3385 /* HostingController.swift */; };
		330E6DDB23853B7600AC3385 /* ExtensionDelegate.swift in Sources */ = {isa = PBXBuildFile; fileRef = 330E6DDA23853B7600AC3385 /* ExtensionDelegate.swift */; };
		330E6DDD23853B7600AC3385 /* NotificationController.swift in Sources */ = {isa = PBXBuildFile; fileRef = 330E6DDC23853B7600AC3385 /* NotificationController.swift */; };
		330E6DDF23853B7600AC3385 /* NotificationView.swift in Sources */ = {isa = PBXBuildFile; fileRef = 330E6DDE23853B7600AC3385 /* NotificationView.swift */; };
		330E6DE123853B7700AC3385 /* Assets.xcassets in Resources */ = {isa = PBXBuildFile; fileRef = 330E6DE023853B7700AC3385 /* Assets.xcassets */; };
		330E6DE423853B7700AC3385 /* Preview Assets.xcassets in Resources */ = {isa = PBXBuildFile; fileRef = 330E6DE323853B7700AC3385 /* Preview Assets.xcassets */; };
		330E6DE923853B7700AC3385 /* TrainingsWatch.app in Embed Watch Content */ = {isa = PBXBuildFile; fileRef = 330E6DC523853B7500AC3385 /* TrainingsWatch.app */; settings = {ATTRIBUTES = (RemoveHeadersOnCopy, ); }; };
		330E6DF52385424200AC3385 /* MapKit.framework in Frameworks */ = {isa = PBXBuildFile; fileRef = 330E6DF42385424200AC3385 /* MapKit.framework */; };
		330E6DF723859DEC00AC3385 /* TrainingListViewController.swift in Sources */ = {isa = PBXBuildFile; fileRef = 330E6DF623859DEC00AC3385 /* TrainingListViewController.swift */; };
/* End PBXBuildFile section */

/* Begin PBXContainerItemProxy section */
		330E6DBE23853B3300AC3385 /* PBXContainerItemProxy */ = {
			isa = PBXContainerItemProxy;
			containerPortal = 330E6D682384103300AC3385 /* Project object */;
			proxyType = 1;
			remoteGlobalIDString = 330E6D6F2384103300AC3385;
			remoteInfo = Trainings;
		};
		330E6DD323853B7600AC3385 /* PBXContainerItemProxy */ = {
			isa = PBXContainerItemProxy;
			containerPortal = 330E6D682384103300AC3385 /* Project object */;
			proxyType = 1;
			remoteGlobalIDString = 330E6DD023853B7600AC3385;
			remoteInfo = "TrainingsWatch Extension";
		};
		330E6DE723853B7700AC3385 /* PBXContainerItemProxy */ = {
			isa = PBXContainerItemProxy;
			containerPortal = 330E6D682384103300AC3385 /* Project object */;
			proxyType = 1;
			remoteGlobalIDString = 330E6DC423853B7500AC3385;
			remoteInfo = TrainingsWatch;
		};
/* End PBXContainerItemProxy section */

/* Begin PBXCopyFilesBuildPhase section */
		330E6DED23853B7700AC3385 /* Embed App Extensions */ = {
			isa = PBXCopyFilesBuildPhase;
			buildActionMask = 2147483647;
			dstPath = "";
			dstSubfolderSpec = 13;
			files = (
				330E6DD223853B7600AC3385 /* TrainingsWatch Extension.appex in Embed App Extensions */,
			);
			name = "Embed App Extensions";
			runOnlyForDeploymentPostprocessing = 0;
		};
		330E6DF123853B7700AC3385 /* Embed Watch Content */ = {
			isa = PBXCopyFilesBuildPhase;
			buildActionMask = 2147483647;
			dstPath = "$(CONTENTS_FOLDER_PATH)/Watch";
			dstSubfolderSpec = 16;
			files = (
				330E6DE923853B7700AC3385 /* TrainingsWatch.app in Embed Watch Content */,
			);
			name = "Embed Watch Content";
			runOnlyForDeploymentPostprocessing = 0;
		};
/* End PBXCopyFilesBuildPhase section */

/* Begin PBXFileReference section */
		3304786A2385A5D500A7A4EB /* BasicCellTableViewCell.swift */ = {isa = PBXFileReference; lastKnownFileType = sourcecode.swift; path = BasicCellTableViewCell.swift; sourceTree = "<group>"; };
		3304786B2385A5D500A7A4EB /* BasicCellTableViewCell.xib */ = {isa = PBXFileReference; lastKnownFileType = file.xib; path = BasicCellTableViewCell.xib; sourceTree = "<group>"; };
		330E6D702384103300AC3385 /* Trainings.app */ = {isa = PBXFileReference; explicitFileType = wrapper.application; includeInIndex = 0; path = Trainings.app; sourceTree = BUILT_PRODUCTS_DIR; };
		330E6D732384103300AC3385 /* AppDelegate.swift */ = {isa = PBXFileReference; lastKnownFileType = sourcecode.swift; path = AppDelegate.swift; sourceTree = "<group>"; };
		330E6D752384103300AC3385 /* SceneDelegate.swift */ = {isa = PBXFileReference; lastKnownFileType = sourcecode.swift; path = SceneDelegate.swift; sourceTree = "<group>"; };
		330E6D772384103300AC3385 /* ViewController.swift */ = {isa = PBXFileReference; lastKnownFileType = sourcecode.swift; path = ViewController.swift; sourceTree = "<group>"; };
		330E6D7A2384103300AC3385 /* Base */ = {isa = PBXFileReference; lastKnownFileType = file.storyboard; name = Base; path = Base.lproj/Main.storyboard; sourceTree = "<group>"; };
		330E6D7C2384103700AC3385 /* Assets.xcassets */ = {isa = PBXFileReference; lastKnownFileType = folder.assetcatalog; path = Assets.xcassets; sourceTree = "<group>"; };
		330E6D7F2384103700AC3385 /* Base */ = {isa = PBXFileReference; lastKnownFileType = file.storyboard; name = Base; path = Base.lproj/LaunchScreen.storyboard; sourceTree = "<group>"; };
		330E6D812384103700AC3385 /* Info.plist */ = {isa = PBXFileReference; lastKnownFileType = text.plist.xml; path = Info.plist; sourceTree = "<group>"; };
		330E6D8723843F7D00AC3385 /* Training.swift */ = {isa = PBXFileReference; lastKnownFileType = sourcecode.swift; path = Training.swift; sourceTree = "<group>"; };
		330E6D8923843FC100AC3385 /* Trainer.swift */ = {isa = PBXFileReference; lastKnownFileType = sourcecode.swift; path = Trainer.swift; sourceTree = "<group>"; };
		330E6D8B2384401900AC3385 /* TrainingManager.swift */ = {isa = PBXFileReference; lastKnownFileType = sourcecode.swift; path = TrainingManager.swift; sourceTree = "<group>"; };
		330E6DB923853B3300AC3385 /* TrainingsTests.xctest */ = {isa = PBXFileReference; explicitFileType = wrapper.cfbundle; includeInIndex = 0; path = TrainingsTests.xctest; sourceTree = BUILT_PRODUCTS_DIR; };
		330E6DBB23853B3300AC3385 /* TrainingsTests.swift */ = {isa = PBXFileReference; lastKnownFileType = sourcecode.swift; path = TrainingsTests.swift; sourceTree = "<group>"; };
		330E6DBD23853B3300AC3385 /* Info.plist */ = {isa = PBXFileReference; lastKnownFileType = text.plist.xml; path = Info.plist; sourceTree = "<group>"; };
		330E6DC523853B7500AC3385 /* TrainingsWatch.app */ = {isa = PBXFileReference; explicitFileType = wrapper.application; includeInIndex = 0; path = TrainingsWatch.app; sourceTree = BUILT_PRODUCTS_DIR; };
		330E6DC823853B7500AC3385 /* Base */ = {isa = PBXFileReference; lastKnownFileType = file.storyboard; name = Base; path = Base.lproj/Interface.storyboard; sourceTree = "<group>"; };
		330E6DCA23853B7600AC3385 /* Assets.xcassets */ = {isa = PBXFileReference; lastKnownFileType = folder.assetcatalog; path = Assets.xcassets; sourceTree = "<group>"; };
		330E6DCC23853B7600AC3385 /* Info.plist */ = {isa = PBXFileReference; lastKnownFileType = text.plist.xml; path = Info.plist; sourceTree = "<group>"; };
		330E6DD123853B7600AC3385 /* TrainingsWatch Extension.appex */ = {isa = PBXFileReference; explicitFileType = "wrapper.app-extension"; includeInIndex = 0; path = "TrainingsWatch Extension.appex"; sourceTree = BUILT_PRODUCTS_DIR; };
		330E6DD623853B7600AC3385 /* ContentView.swift */ = {isa = PBXFileReference; lastKnownFileType = sourcecode.swift; path = ContentView.swift; sourceTree = "<group>"; };
		330E6DD823853B7600AC3385 /* HostingController.swift */ = {isa = PBXFileReference; lastKnownFileType = sourcecode.swift; path = HostingController.swift; sourceTree = "<group>"; };
		330E6DDA23853B7600AC3385 /* ExtensionDelegate.swift */ = {isa = PBXFileReference; lastKnownFileType = sourcecode.swift; path = ExtensionDelegate.swift; sourceTree = "<group>"; };
		330E6DDC23853B7600AC3385 /* NotificationController.swift */ = {isa = PBXFileReference; lastKnownFileType = sourcecode.swift; path = NotificationController.swift; sourceTree = "<group>"; };
		330E6DDE23853B7600AC3385 /* NotificationView.swift */ = {isa = PBXFileReference; lastKnownFileType = sourcecode.swift; path = NotificationView.swift; sourceTree = "<group>"; };
		330E6DE023853B7700AC3385 /* Assets.xcassets */ = {isa = PBXFileReference; lastKnownFileType = folder.assetcatalog; path = Assets.xcassets; sourceTree = "<group>"; };
		330E6DE323853B7700AC3385 /* Preview Assets.xcassets */ = {isa = PBXFileReference; lastKnownFileType = folder.assetcatalog; path = "Preview Assets.xcassets"; sourceTree = "<group>"; };
		330E6DE523853B7700AC3385 /* Info.plist */ = {isa = PBXFileReference; lastKnownFileType = text.plist.xml; path = Info.plist; sourceTree = "<group>"; };
		330E6DE623853B7700AC3385 /* PushNotificationPayload.apns */ = {isa = PBXFileReference; lastKnownFileType = text; path = PushNotificationPayload.apns; sourceTree = "<group>"; };
		330E6DF22385411500AC3385 /* Trainings.entitlements */ = {isa = PBXFileReference; lastKnownFileType = text.plist.entitlements; path = Trainings.entitlements; sourceTree = "<group>"; };
		330E6DF42385424200AC3385 /* MapKit.framework */ = {isa = PBXFileReference; lastKnownFileType = wrapper.framework; name = MapKit.framework; path = System/Library/Frameworks/MapKit.framework; sourceTree = SDKROOT; };
		330E6DF623859DEC00AC3385 /* TrainingListViewController.swift */ = {isa = PBXFileReference; lastKnownFileType = sourcecode.swift; path = TrainingListViewController.swift; sourceTree = "<group>"; };
/* End PBXFileReference section */

/* Begin PBXFrameworksBuildPhase section */
		330E6D6D2384103300AC3385 /* Frameworks */ = {
			isa = PBXFrameworksBuildPhase;
			buildActionMask = 2147483647;
			files = (
				330E6DF52385424200AC3385 /* MapKit.framework in Frameworks */,
			);
			runOnlyForDeploymentPostprocessing = 0;
		};
		330E6DB623853B3300AC3385 /* Frameworks */ = {
			isa = PBXFrameworksBuildPhase;
			buildActionMask = 2147483647;
			files = (
			);
			runOnlyForDeploymentPostprocessing = 0;
		};
		330E6DCE23853B7600AC3385 /* Frameworks */ = {
			isa = PBXFrameworksBuildPhase;
			buildActionMask = 2147483647;
			files = (
			);
			runOnlyForDeploymentPostprocessing = 0;
		};
/* End PBXFrameworksBuildPhase section */

/* Begin PBXGroup section */
		330E6D672384103300AC3385 = {
			isa = PBXGroup;
			children = (
				330E6D722384103300AC3385 /* Trainings */,
				330E6DBA23853B3300AC3385 /* TrainingsTests */,
				330E6DC623853B7500AC3385 /* TrainingsWatch */,
				330E6DD523853B7600AC3385 /* TrainingsWatch Extension */,
				330E6D712384103300AC3385 /* Products */,
				330E6DF32385424200AC3385 /* Frameworks */,
			);
			sourceTree = "<group>";
		};
		330E6D712384103300AC3385 /* Products */ = {
			isa = PBXGroup;
			children = (
				330E6D702384103300AC3385 /* Trainings.app */,
				330E6DB923853B3300AC3385 /* TrainingsTests.xctest */,
				330E6DC523853B7500AC3385 /* TrainingsWatch.app */,
				330E6DD123853B7600AC3385 /* TrainingsWatch Extension.appex */,
			);
			name = Products;
			sourceTree = "<group>";
		};
		330E6D722384103300AC3385 /* Trainings */ = {
			isa = PBXGroup;
			children = (
				330E6DF22385411500AC3385 /* Trainings.entitlements */,
				330E6D732384103300AC3385 /* AppDelegate.swift */,
				330E6D752384103300AC3385 /* SceneDelegate.swift */,
				330E6D772384103300AC3385 /* ViewController.swift */,
				330E6D8D2384403C00AC3385 /* Models */,
				330E6D792384103300AC3385 /* Main.storyboard */,
				3304786A2385A5D500A7A4EB /* BasicCellTableViewCell.swift */,
				3304786B2385A5D500A7A4EB /* BasicCellTableViewCell.xib */,
				330E6DF623859DEC00AC3385 /* TrainingListViewController.swift */,
				330E6D7C2384103700AC3385 /* Assets.xcassets */,
				330E6D7E2384103700AC3385 /* LaunchScreen.storyboard */,
				330E6D812384103700AC3385 /* Info.plist */,
			);
			path = Trainings;
			sourceTree = "<group>";
		};
		330E6D8D2384403C00AC3385 /* Models */ = {
			isa = PBXGroup;
			children = (
				330E6D8723843F7D00AC3385 /* Training.swift */,
				330E6D8923843FC100AC3385 /* Trainer.swift */,
				330E6D8B2384401900AC3385 /* TrainingManager.swift */,
			);
			path = Models;
			sourceTree = "<group>";
		};
		330E6DBA23853B3300AC3385 /* TrainingsTests */ = {
			isa = PBXGroup;
			children = (
				330E6DBB23853B3300AC3385 /* TrainingsTests.swift */,
				330E6DBD23853B3300AC3385 /* Info.plist */,
			);
			path = TrainingsTests;
			sourceTree = "<group>";
		};
		330E6DC623853B7500AC3385 /* TrainingsWatch */ = {
			isa = PBXGroup;
			children = (
				330E6DC723853B7500AC3385 /* Interface.storyboard */,
				330E6DCA23853B7600AC3385 /* Assets.xcassets */,
				330E6DCC23853B7600AC3385 /* Info.plist */,
			);
			path = TrainingsWatch;
			sourceTree = "<group>";
		};
		330E6DD523853B7600AC3385 /* TrainingsWatch Extension */ = {
			isa = PBXGroup;
			children = (
				330E6DD623853B7600AC3385 /* ContentView.swift */,
				330E6DD823853B7600AC3385 /* HostingController.swift */,
				330E6DDA23853B7600AC3385 /* ExtensionDelegate.swift */,
				330E6DDC23853B7600AC3385 /* NotificationController.swift */,
				330E6DDE23853B7600AC3385 /* NotificationView.swift */,
				330E6DE023853B7700AC3385 /* Assets.xcassets */,
				330E6DE523853B7700AC3385 /* Info.plist */,
				330E6DE623853B7700AC3385 /* PushNotificationPayload.apns */,
				330E6DE223853B7700AC3385 /* Preview Content */,
			);
			path = "TrainingsWatch Extension";
			sourceTree = "<group>";
		};
		330E6DE223853B7700AC3385 /* Preview Content */ = {
			isa = PBXGroup;
			children = (
				330E6DE323853B7700AC3385 /* Preview Assets.xcassets */,
			);
			path = "Preview Content";
			sourceTree = "<group>";
		};
		330E6DF32385424200AC3385 /* Frameworks */ = {
			isa = PBXGroup;
			children = (
				330E6DF42385424200AC3385 /* MapKit.framework */,
			);
			name = Frameworks;
			sourceTree = "<group>";
		};
/* End PBXGroup section */

/* Begin PBXNativeTarget section */
		330E6D6F2384103300AC3385 /* Trainings */ = {
			isa = PBXNativeTarget;
			buildConfigurationList = 330E6D842384103700AC3385 /* Build configuration list for PBXNativeTarget "Trainings" */;
			buildPhases = (
				330E6D6C2384103300AC3385 /* Sources */,
				330E6D6D2384103300AC3385 /* Frameworks */,
				330E6D6E2384103300AC3385 /* Resources */,
				330E6DF123853B7700AC3385 /* Embed Watch Content */,
			);
			buildRules = (
			);
			dependencies = (
				330E6DE823853B7700AC3385 /* PBXTargetDependency */,
			);
			name = Trainings;
			productName = Trainings;
			productReference = 330E6D702384103300AC3385 /* Trainings.app */;
			productType = "com.apple.product-type.application";
		};
		330E6DB823853B3300AC3385 /* TrainingsTests */ = {
			isa = PBXNativeTarget;
			buildConfigurationList = 330E6DC223853B3300AC3385 /* Build configuration list for PBXNativeTarget "TrainingsTests" */;
			buildPhases = (
				330E6DB523853B3300AC3385 /* Sources */,
				330E6DB623853B3300AC3385 /* Frameworks */,
				330E6DB723853B3300AC3385 /* Resources */,
			);
			buildRules = (
			);
			dependencies = (
				330E6DBF23853B3300AC3385 /* PBXTargetDependency */,
			);
			name = TrainingsTests;
			productName = TrainingsTests;
			productReference = 330E6DB923853B3300AC3385 /* TrainingsTests.xctest */;
			productType = "com.apple.product-type.bundle.unit-test";
		};
		330E6DC423853B7500AC3385 /* TrainingsWatch */ = {
			isa = PBXNativeTarget;
			buildConfigurationList = 330E6DEE23853B7700AC3385 /* Build configuration list for PBXNativeTarget "TrainingsWatch" */;
			buildPhases = (
				330E6DC323853B7500AC3385 /* Resources */,
				330E6DED23853B7700AC3385 /* Embed App Extensions */,
			);
			buildRules = (
			);
			dependencies = (
				330E6DD423853B7600AC3385 /* PBXTargetDependency */,
			);
			name = TrainingsWatch;
			productName = TrainingsWatch;
			productReference = 330E6DC523853B7500AC3385 /* TrainingsWatch.app */;
			productType = "com.apple.product-type.application.watchapp2";
		};
		330E6DD023853B7600AC3385 /* TrainingsWatch Extension */ = {
			isa = PBXNativeTarget;
			buildConfigurationList = 330E6DEA23853B7700AC3385 /* Build configuration list for PBXNativeTarget "TrainingsWatch Extension" */;
			buildPhases = (
				330E6DCD23853B7600AC3385 /* Sources */,
				330E6DCE23853B7600AC3385 /* Frameworks */,
				330E6DCF23853B7600AC3385 /* Resources */,
			);
			buildRules = (
			);
			dependencies = (
			);
			name = "TrainingsWatch Extension";
			productName = "TrainingsWatch Extension";
			productReference = 330E6DD123853B7600AC3385 /* TrainingsWatch Extension.appex */;
			productType = "com.apple.product-type.watchkit2-extension";
		};
/* End PBXNativeTarget section */

/* Begin PBXProject section */
		330E6D682384103300AC3385 /* Project object */ = {
			isa = PBXProject;
			attributes = {
				LastSwiftUpdateCheck = 1120;
				LastUpgradeCheck = 1120;
				ORGANIZATIONNAME = Tectec;
				TargetAttributes = {
					330E6D6F2384103300AC3385 = {
						CreatedOnToolsVersion = 11.2.1;
					};
					330E6DB823853B3300AC3385 = {
						CreatedOnToolsVersion = 11.2.1;
						TestTargetID = 330E6D6F2384103300AC3385;
					};
					330E6DC423853B7500AC3385 = {
						CreatedOnToolsVersion = 11.2.1;
					};
					330E6DD023853B7600AC3385 = {
						CreatedOnToolsVersion = 11.2.1;
					};
				};
			};
			buildConfigurationList = 330E6D6B2384103300AC3385 /* Build configuration list for PBXProject "Trainings" */;
			compatibilityVersion = "Xcode 9.3";
			developmentRegion = en;
			hasScannedForEncodings = 0;
			knownRegions = (
				en,
				Base,
			);
			mainGroup = 330E6D672384103300AC3385;
			productRefGroup = 330E6D712384103300AC3385 /* Products */;
			projectDirPath = "";
			projectRoot = "";
			targets = (
				330E6D6F2384103300AC3385 /* Trainings */,
				330E6DB823853B3300AC3385 /* TrainingsTests */,
				330E6DC423853B7500AC3385 /* TrainingsWatch */,
				330E6DD023853B7600AC3385 /* TrainingsWatch Extension */,
			);
		};
/* End PBXProject section */

/* Begin PBXResourcesBuildPhase section */
		330E6D6E2384103300AC3385 /* Resources */ = {
			isa = PBXResourcesBuildPhase;
			buildActionMask = 2147483647;
			files = (
				3304786D2385A5D500A7A4EB /* BasicCellTableViewCell.xib in Resources */,
				330E6D802384103700AC3385 /* LaunchScreen.storyboard in Resources */,
				330E6D7D2384103700AC3385 /* Assets.xcassets in Resources */,
				330E6D7B2384103300AC3385 /* Main.storyboard in Resources */,
			);
			runOnlyForDeploymentPostprocessing = 0;
		};
		330E6DB723853B3300AC3385 /* Resources */ = {
			isa = PBXResourcesBuildPhase;
			buildActionMask = 2147483647;
			files = (
			);
			runOnlyForDeploymentPostprocessing = 0;
		};
		330E6DC323853B7500AC3385 /* Resources */ = {
			isa = PBXResourcesBuildPhase;
			buildActionMask = 2147483647;
			files = (
				330E6DCB23853B7600AC3385 /* Assets.xcassets in Resources */,
				330E6DC923853B7500AC3385 /* Interface.storyboard in Resources */,
			);
			runOnlyForDeploymentPostprocessing = 0;
		};
		330E6DCF23853B7600AC3385 /* Resources */ = {
			isa = PBXResourcesBuildPhase;
			buildActionMask = 2147483647;
			files = (
				330E6DE423853B7700AC3385 /* Preview Assets.xcassets in Resources */,
				330E6DE123853B7700AC3385 /* Assets.xcassets in Resources */,
			);
			runOnlyForDeploymentPostprocessing = 0;
		};
/* End PBXResourcesBuildPhase section */

/* Begin PBXSourcesBuildPhase section */
		330E6D6C2384103300AC3385 /* Sources */ = {
			isa = PBXSourcesBuildPhase;
			buildActionMask = 2147483647;
			files = (
				330E6DF723859DEC00AC3385 /* TrainingListViewController.swift in Sources */,
				330E6D782384103300AC3385 /* ViewController.swift in Sources */,
				330E6D8823843F7D00AC3385 /* Training.swift in Sources */,
				330E6D742384103300AC3385 /* AppDelegate.swift in Sources */,
				3304786C2385A5D500A7A4EB /* BasicCellTableViewCell.swift in Sources */,
				330E6D762384103300AC3385 /* SceneDelegate.swift in Sources */,
				330E6D8A23843FC100AC3385 /* Trainer.swift in Sources */,
				330E6D8C2384401900AC3385 /* TrainingManager.swift in Sources */,
			);
			runOnlyForDeploymentPostprocessing = 0;
		};
		330E6DB523853B3300AC3385 /* Sources */ = {
			isa = PBXSourcesBuildPhase;
			buildActionMask = 2147483647;
			files = (
				330E6DBC23853B3300AC3385 /* TrainingsTests.swift in Sources */,
			);
			runOnlyForDeploymentPostprocessing = 0;
		};
		330E6DCD23853B7600AC3385 /* Sources */ = {
			isa = PBXSourcesBuildPhase;
			buildActionMask = 2147483647;
			files = (
				330E6DD923853B7600AC3385 /* HostingController.swift in Sources */,
				330E6DD723853B7600AC3385 /* ContentView.swift in Sources */,
				330E6DDD23853B7600AC3385 /* NotificationController.swift in Sources */,
				330E6DDB23853B7600AC3385 /* ExtensionDelegate.swift in Sources */,
				330E6DDF23853B7600AC3385 /* NotificationView.swift in Sources */,
			);
			runOnlyForDeploymentPostprocessing = 0;
		};
/* End PBXSourcesBuildPhase section */

/* Begin PBXTargetDependency section */
		330E6DBF23853B3300AC3385 /* PBXTargetDependency */ = {
			isa = PBXTargetDependency;
			target = 330E6D6F2384103300AC3385 /* Trainings */;
			targetProxy = 330E6DBE23853B3300AC3385 /* PBXContainerItemProxy */;
		};
		330E6DD423853B7600AC3385 /* PBXTargetDependency */ = {
			isa = PBXTargetDependency;
			target = 330E6DD023853B7600AC3385 /* TrainingsWatch Extension */;
			targetProxy = 330E6DD323853B7600AC3385 /* PBXContainerItemProxy */;
		};
		330E6DE823853B7700AC3385 /* PBXTargetDependency */ = {
			isa = PBXTargetDependency;
			target = 330E6DC423853B7500AC3385 /* TrainingsWatch */;
			targetProxy = 330E6DE723853B7700AC3385 /* PBXContainerItemProxy */;
		};
/* End PBXTargetDependency section */

/* Begin PBXVariantGroup section */
		330E6D792384103300AC3385 /* Main.storyboard */ = {
			isa = PBXVariantGroup;
			children = (
				330E6D7A2384103300AC3385 /* Base */,
			);
			name = Main.storyboard;
			sourceTree = "<group>";
		};
		330E6D7E2384103700AC3385 /* LaunchScreen.storyboard */ = {
			isa = PBXVariantGroup;
			children = (
				330E6D7F2384103700AC3385 /* Base */,
			);
			name = LaunchScreen.storyboard;
			sourceTree = "<group>";
		};
		330E6DC723853B7500AC3385 /* Interface.storyboard */ = {
			isa = PBXVariantGroup;
			children = (
				330E6DC823853B7500AC3385 /* Base */,
			);
			name = Interface.storyboard;
			sourceTree = "<group>";
		};
/* End PBXVariantGroup section */

/* Begin XCBuildConfiguration section */
		330E6D822384103700AC3385 /* Debug */ = {
			isa = XCBuildConfiguration;
			buildSettings = {
				ALWAYS_SEARCH_USER_PATHS = NO;
				CLANG_ANALYZER_NONNULL = YES;
				CLANG_ANALYZER_NUMBER_OBJECT_CONVERSION = YES_AGGRESSIVE;
				CLANG_CXX_LANGUAGE_STANDARD = "gnu++14";
				CLANG_CXX_LIBRARY = "libc++";
				CLANG_ENABLE_MODULES = YES;
				CLANG_ENABLE_OBJC_ARC = YES;
				CLANG_ENABLE_OBJC_WEAK = YES;
				CLANG_WARN_BLOCK_CAPTURE_AUTORELEASING = YES;
				CLANG_WARN_BOOL_CONVERSION = YES;
				CLANG_WARN_COMMA = YES;
				CLANG_WARN_CONSTANT_CONVERSION = YES;
				CLANG_WARN_DEPRECATED_OBJC_IMPLEMENTATIONS = YES;
				CLANG_WARN_DIRECT_OBJC_ISA_USAGE = YES_ERROR;
				CLANG_WARN_DOCUMENTATION_COMMENTS = YES;
				CLANG_WARN_EMPTY_BODY = YES;
				CLANG_WARN_ENUM_CONVERSION = YES;
				CLANG_WARN_INFINITE_RECURSION = YES;
				CLANG_WARN_INT_CONVERSION = YES;
				CLANG_WARN_NON_LITERAL_NULL_CONVERSION = YES;
				CLANG_WARN_OBJC_IMPLICIT_RETAIN_SELF = YES;
				CLANG_WARN_OBJC_LITERAL_CONVERSION = YES;
				CLANG_WARN_OBJC_ROOT_CLASS = YES_ERROR;
				CLANG_WARN_RANGE_LOOP_ANALYSIS = YES;
				CLANG_WARN_STRICT_PROTOTYPES = YES;
				CLANG_WARN_SUSPICIOUS_MOVE = YES;
				CLANG_WARN_UNGUARDED_AVAILABILITY = YES_AGGRESSIVE;
				CLANG_WARN_UNREACHABLE_CODE = YES;
				CLANG_WARN__DUPLICATE_METHOD_MATCH = YES;
				COPY_PHASE_STRIP = NO;
				DEBUG_INFORMATION_FORMAT = dwarf;
				ENABLE_STRICT_OBJC_MSGSEND = YES;
				ENABLE_TESTABILITY = YES;
				GCC_C_LANGUAGE_STANDARD = gnu11;
				GCC_DYNAMIC_NO_PIC = NO;
				GCC_NO_COMMON_BLOCKS = YES;
				GCC_OPTIMIZATION_LEVEL = 0;
				GCC_PREPROCESSOR_DEFINITIONS = (
					"DEBUG=1",
					"$(inherited)",
				);
				GCC_WARN_64_TO_32_BIT_CONVERSION = YES;
				GCC_WARN_ABOUT_RETURN_TYPE = YES_ERROR;
				GCC_WARN_UNDECLARED_SELECTOR = YES;
				GCC_WARN_UNINITIALIZED_AUTOS = YES_AGGRESSIVE;
				GCC_WARN_UNUSED_FUNCTION = YES;
				GCC_WARN_UNUSED_VARIABLE = YES;
				IPHONEOS_DEPLOYMENT_TARGET = 13.2;
				MTL_ENABLE_DEBUG_INFO = INCLUDE_SOURCE;
				MTL_FAST_MATH = YES;
				ONLY_ACTIVE_ARCH = YES;
				SDKROOT = iphoneos;
				SWIFT_ACTIVE_COMPILATION_CONDITIONS = DEBUG;
				SWIFT_OPTIMIZATION_LEVEL = "-Onone";
			};
			name = Debug;
		};
		330E6D832384103700AC3385 /* Release */ = {
			isa = XCBuildConfiguration;
			buildSettings = {
				ALWAYS_SEARCH_USER_PATHS = NO;
				CLANG_ANALYZER_NONNULL = YES;
				CLANG_ANALYZER_NUMBER_OBJECT_CONVERSION = YES_AGGRESSIVE;
				CLANG_CXX_LANGUAGE_STANDARD = "gnu++14";
				CLANG_CXX_LIBRARY = "libc++";
				CLANG_ENABLE_MODULES = YES;
				CLANG_ENABLE_OBJC_ARC = YES;
				CLANG_ENABLE_OBJC_WEAK = YES;
				CLANG_WARN_BLOCK_CAPTURE_AUTORELEASING = YES;
				CLANG_WARN_BOOL_CONVERSION = YES;
				CLANG_WARN_COMMA = YES;
				CLANG_WARN_CONSTANT_CONVERSION = YES;
				CLANG_WARN_DEPRECATED_OBJC_IMPLEMENTATIONS = YES;
				CLANG_WARN_DIRECT_OBJC_ISA_USAGE = YES_ERROR;
				CLANG_WARN_DOCUMENTATION_COMMENTS = YES;
				CLANG_WARN_EMPTY_BODY = YES;
				CLANG_WARN_ENUM_CONVERSION = YES;
				CLANG_WARN_INFINITE_RECURSION = YES;
				CLANG_WARN_INT_CONVERSION = YES;
				CLANG_WARN_NON_LITERAL_NULL_CONVERSION = YES;
				CLANG_WARN_OBJC_IMPLICIT_RETAIN_SELF = YES;
				CLANG_WARN_OBJC_LITERAL_CONVERSION = YES;
				CLANG_WARN_OBJC_ROOT_CLASS = YES_ERROR;
				CLANG_WARN_RANGE_LOOP_ANALYSIS = YES;
				CLANG_WARN_STRICT_PROTOTYPES = YES;
				CLANG_WARN_SUSPICIOUS_MOVE = YES;
				CLANG_WARN_UNGUARDED_AVAILABILITY = YES_AGGRESSIVE;
				CLANG_WARN_UNREACHABLE_CODE = YES;
				CLANG_WARN__DUPLICATE_METHOD_MATCH = YES;
				COPY_PHASE_STRIP = NO;
				DEBUG_INFORMATION_FORMAT = "dwarf-with-dsym";
				ENABLE_NS_ASSERTIONS = NO;
				ENABLE_STRICT_OBJC_MSGSEND = YES;
				GCC_C_LANGUAGE_STANDARD = gnu11;
				GCC_NO_COMMON_BLOCKS = YES;
				GCC_WARN_64_TO_32_BIT_CONVERSION = YES;
				GCC_WARN_ABOUT_RETURN_TYPE = YES_ERROR;
				GCC_WARN_UNDECLARED_SELECTOR = YES;
				GCC_WARN_UNINITIALIZED_AUTOS = YES_AGGRESSIVE;
				GCC_WARN_UNUSED_FUNCTION = YES;
				GCC_WARN_UNUSED_VARIABLE = YES;
				IPHONEOS_DEPLOYMENT_TARGET = 13.2;
				MTL_ENABLE_DEBUG_INFO = NO;
				MTL_FAST_MATH = YES;
				SDKROOT = iphoneos;
				SWIFT_COMPILATION_MODE = wholemodule;
				SWIFT_OPTIMIZATION_LEVEL = "-O";
				VALIDATE_PRODUCT = YES;
			};
			name = Release;
		};
		330E6D852384103700AC3385 /* Debug */ = {
			isa = XCBuildConfiguration;
			buildSettings = {
				ASSETCATALOG_COMPILER_APPICON_NAME = AppIcon;
				CODE_SIGN_ENTITLEMENTS = Trainings/Trainings.entitlements;
				CODE_SIGN_IDENTITY = "Apple Development";
				CODE_SIGN_STYLE = Automatic;
				CURRENT_PROJECT_VERSION = 1;
				DEVELOPMENT_TEAM = A7SGM6JEMA;
				ENABLE_BITCODE = YES;
				INFOPLIST_FILE = Trainings/Info.plist;
				IPHONEOS_DEPLOYMENT_TARGET = 13.0;
				LD_RUNPATH_SEARCH_PATHS = (
					"$(inherited)",
					"@executable_path/Frameworks",
				);
				MARKETING_VERSION = 1.0;
				PRODUCT_BUNDLE_IDENTIFIER = fr.tectec.Trainings;
				PRODUCT_NAME = "$(TARGET_NAME)";
				PROVISIONING_PROFILE_SPECIFIER = "";
				SWIFT_VERSION = 5.0;
				TARGETED_DEVICE_FAMILY = "1,2";
			};
			name = Debug;
		};
		330E6D862384103700AC3385 /* Release */ = {
			isa = XCBuildConfiguration;
			buildSettings = {
				ASSETCATALOG_COMPILER_APPICON_NAME = AppIcon;
				CODE_SIGN_ENTITLEMENTS = Trainings/Trainings.entitlements;
				CODE_SIGN_IDENTITY = "Apple Development";
				CODE_SIGN_STYLE = Automatic;
				CURRENT_PROJECT_VERSION = 1;
				DEVELOPMENT_TEAM = A7SGM6JEMA;
				ENABLE_BITCODE = YES;
				INFOPLIST_FILE = Trainings/Info.plist;
				IPHONEOS_DEPLOYMENT_TARGET = 13.0;
				LD_RUNPATH_SEARCH_PATHS = (
					"$(inherited)",
					"@executable_path/Frameworks",
				);
				MARKETING_VERSION = 1.0;
				PRODUCT_BUNDLE_IDENTIFIER = fr.tectec.Trainings;
				PRODUCT_NAME = "$(TARGET_NAME)";
				PROVISIONING_PROFILE_SPECIFIER = "";
				SWIFT_VERSION = 5.0;
				TARGETED_DEVICE_FAMILY = "1,2";
			};
			name = Release;
		};
		330E6DC023853B3300AC3385 /* Debug */ = {
			isa = XCBuildConfiguration;
			buildSettings = {
				BUNDLE_LOADER = "$(TEST_HOST)";
				CODE_SIGN_STYLE = Automatic;
				DEVELOPMENT_TEAM = A7SGM6JEMA;
				INFOPLIST_FILE = TrainingsTests/Info.plist;
				LD_RUNPATH_SEARCH_PATHS = (
					"$(inherited)",
					"@executable_path/Frameworks",
					"@loader_path/Frameworks",
				);
				PRODUCT_BUNDLE_IDENTIFIER = fr.tectec.TrainingsTests;
				PRODUCT_NAME = "$(TARGET_NAME)";
				SWIFT_VERSION = 5.0;
				TARGETED_DEVICE_FAMILY = "1,2";
				TEST_HOST = "$(BUILT_PRODUCTS_DIR)/Trainings.app/Trainings";
			};
			name = Debug;
		};
		330E6DC123853B3300AC3385 /* Release */ = {
			isa = XCBuildConfiguration;
			buildSettings = {
				BUNDLE_LOADER = "$(TEST_HOST)";
				CODE_SIGN_STYLE = Automatic;
				DEVELOPMENT_TEAM = A7SGM6JEMA;
				INFOPLIST_FILE = TrainingsTests/Info.plist;
				LD_RUNPATH_SEARCH_PATHS = (
					"$(inherited)",
					"@executable_path/Frameworks",
					"@loader_path/Frameworks",
				);
				PRODUCT_BUNDLE_IDENTIFIER = fr.tectec.TrainingsTests;
				PRODUCT_NAME = "$(TARGET_NAME)";
				SWIFT_VERSION = 5.0;
				TARGETED_DEVICE_FAMILY = "1,2";
				TEST_HOST = "$(BUILT_PRODUCTS_DIR)/Trainings.app/Trainings";
			};
			name = Release;
		};
		330E6DEB23853B7700AC3385 /* Debug */ = {
			isa = XCBuildConfiguration;
			buildSettings = {
				ASSETCATALOG_COMPILER_COMPLICATION_NAME = Complication;
				CODE_SIGN_STYLE = Automatic;
				DEVELOPMENT_ASSET_PATHS = "\"TrainingsWatch Extension/Preview Content\"";
				DEVELOPMENT_TEAM = A7SGM6JEMA;
				ENABLE_PREVIEWS = YES;
				INFOPLIST_FILE = "TrainingsWatch Extension/Info.plist";
				LD_RUNPATH_SEARCH_PATHS = (
					"$(inherited)",
					"@executable_path/Frameworks",
					"@executable_path/../../Frameworks",
				);
				PRODUCT_BUNDLE_IDENTIFIER = fr.tectec.Trainings.watchkitapp.watchkitextension;
				PRODUCT_NAME = "${TARGET_NAME}";
				SDKROOT = watchos;
				SKIP_INSTALL = YES;
				SWIFT_VERSION = 5.0;
				TARGETED_DEVICE_FAMILY = 4;
				WATCHOS_DEPLOYMENT_TARGET = 6.1;
			};
			name = Debug;
		};
		330E6DEC23853B7700AC3385 /* Release */ = {
			isa = XCBuildConfiguration;
			buildSettings = {
				ASSETCATALOG_COMPILER_COMPLICATION_NAME = Complication;
				CODE_SIGN_STYLE = Automatic;
				DEVELOPMENT_ASSET_PATHS = "\"TrainingsWatch Extension/Preview Content\"";
				DEVELOPMENT_TEAM = A7SGM6JEMA;
				ENABLE_PREVIEWS = YES;
				INFOPLIST_FILE = "TrainingsWatch Extension/Info.plist";
				LD_RUNPATH_SEARCH_PATHS = (
					"$(inherited)",
					"@executable_path/Frameworks",
					"@executable_path/../../Frameworks",
				);
				PRODUCT_BUNDLE_IDENTIFIER = fr.tectec.Trainings.watchkitapp.watchkitextension;
				PRODUCT_NAME = "${TARGET_NAME}";
				SDKROOT = watchos;
				SKIP_INSTALL = YES;
				SWIFT_VERSION = 5.0;
				TARGETED_DEVICE_FAMILY = 4;
				WATCHOS_DEPLOYMENT_TARGET = 6.1;
			};
			name = Release;
		};
		330E6DEF23853B7700AC3385 /* Debug */ = {
			isa = XCBuildConfiguration;
			buildSettings = {
				ALWAYS_EMBED_SWIFT_STANDARD_LIBRARIES = YES;
				ASSETCATALOG_COMPILER_APPICON_NAME = AppIcon;
				CODE_SIGN_STYLE = Automatic;
				DEVELOPMENT_TEAM = A7SGM6JEMA;
				IBSC_MODULE = TrainingsWatch_Extension;
				INFOPLIST_FILE = TrainingsWatch/Info.plist;
				PRODUCT_BUNDLE_IDENTIFIER = fr.tectec.Trainings.watchkitapp;
				PRODUCT_NAME = "$(TARGET_NAME)";
				SDKROOT = watchos;
				SKIP_INSTALL = YES;
				SWIFT_VERSION = 5.0;
				TARGETED_DEVICE_FAMILY = 4;
				WATCHOS_DEPLOYMENT_TARGET = 6.1;
			};
			name = Debug;
		};
		330E6DF023853B7700AC3385 /* Release */ = {
			isa = XCBuildConfiguration;
			buildSettings = {
				ALWAYS_EMBED_SWIFT_STANDARD_LIBRARIES = YES;
				ASSETCATALOG_COMPILER_APPICON_NAME = AppIcon;
				CODE_SIGN_STYLE = Automatic;
				DEVELOPMENT_TEAM = A7SGM6JEMA;
				IBSC_MODULE = TrainingsWatch_Extension;
				INFOPLIST_FILE = TrainingsWatch/Info.plist;
				PRODUCT_BUNDLE_IDENTIFIER = fr.tectec.Trainings.watchkitapp;
				PRODUCT_NAME = "$(TARGET_NAME)";
				SDKROOT = watchos;
				SKIP_INSTALL = YES;
				SWIFT_VERSION = 5.0;
				TARGETED_DEVICE_FAMILY = 4;
				WATCHOS_DEPLOYMENT_TARGET = 6.1;
			};
			name = Release;
		};
/* End XCBuildConfiguration section */

/* Begin XCConfigurationList section */
		330E6D6B2384103300AC3385 /* Build configuration list for PBXProject "Trainings" */ = {
			isa = XCConfigurationList;
			buildConfigurations = (
				330E6D822384103700AC3385 /* Debug */,
				330E6D832384103700AC3385 /* Release */,
			);
			defaultConfigurationIsVisible = 0;
			defaultConfigurationName = Release;
		};
		330E6D842384103700AC3385 /* Build configuration list for PBXNativeTarget "Trainings" */ = {
			isa = XCConfigurationList;
			buildConfigurations = (
				330E6D852384103700AC3385 /* Debug */,
				330E6D862384103700AC3385 /* Release */,
			);
			defaultConfigurationIsVisible = 0;
			defaultConfigurationName = Release;
		};
		330E6DC223853B3300AC3385 /* Build configuration list for PBXNativeTarget "TrainingsTests" */ = {
			isa = XCConfigurationList;
			buildConfigurations = (
				330E6DC023853B3300AC3385 /* Debug */,
				330E6DC123853B3300AC3385 /* Release */,
			);
			defaultConfigurationIsVisible = 0;
			defaultConfigurationName = Release;
		};
		330E6DEA23853B7700AC3385 /* Build configuration list for PBXNativeTarget "TrainingsWatch Extension" */ = {
			isa = XCConfigurationList;
			buildConfigurations = (
				330E6DEB23853B7700AC3385 /* Debug */,
				330E6DEC23853B7700AC3385 /* Release */,
			);
			defaultConfigurationIsVisible = 0;
			defaultConfigurationName = Release;
		};
		330E6DEE23853B7700AC3385 /* Build configuration list for PBXNativeTarget "TrainingsWatch" */ = {
			isa = XCConfigurationList;
			buildConfigurations = (
				330E6DEF23853B7700AC3385 /* Debug */,
				330E6DF023853B7700AC3385 /* Release */,
			);
			defaultConfigurationIsVisible = 0;
			defaultConfigurationName = Release;
		};
/* End XCConfigurationList section */
	};
	rootObject = 330E6D682384103300AC3385 /* Project object */;
}
